{
  "requires": true,
  "lockfileVersion": 1,
  "dependencies": {
    "react-native-audio": {
      "version": "4.3.0",
      "resolved": "https://registry.npmjs.org/react-native-audio/-/react-native-audio-4.3.0.tgz",
      "integrity": "sha512-QQYq28eSJy+y/Ukvry0AkbwMVELAj+LcEwCVRH+7sKLqlnoBBxGd4ilhgJHjwOiC70192LueGbjXJjPPEwW3iA=="
    },
    "react-native-sound": {
      "version": "0.10.12",
      "resolved": "https://registry.npmjs.org/react-native-sound/-/react-native-sound-0.10.12.tgz",
      "integrity": "sha512-lhvzZ+ekNSHW9s4FjmxxGAQmd7yDT9FnHgJNP824cMyHRrTES/LgHnSOxES/1FWVoaQ8FdfbEHkWd2rN0G/L9A=="
    }
  }
}
